
Microsoft Visual Studio Solution File, Format Version 12.00
# Visual Studio Version 16
VisualStudioVersion = 16.0.30907.101
MinimumVisualStudioVersion = 10.0.40219.1
Project("{9A19103F-16F7-4668-BE54-9A1E7A4F7556}") = "GrpcPaymentService", "GrpcPaymentService\GrpcPaymentService.csproj", "{8EEB3B6D-0076-4B92-8747-08532B1BDFAC}"
EndProject
Project("{9A19103F-16F7-4668-BE54-9A1E7A4F7556}") = "GRPCClientAppCore", "GRPCClientAppCore\GRPCClientAppCore.csproj", "{3F041821-324B-4849-9F39-21CA0A401F59}"
EndProject
Global
	GlobalSection(SolutionConfigurationPlatforms) = preSolution
		Debug|Any CPU = Debug|Any CPU
		Release|Any CPU = Release|Any CPU
	EndGlobalSection
	GlobalSection(ProjectConfigurationPlatforms) = postSolution
		{8EEB3B6D-0076-4B92-8747-08532B1BDFAC}.Debug|Any CPU.ActiveCfg = Debug|Any CPU
		{8EEB3B6D-0076-4B92-8747-08532B1BDFAC}.Debug|Any CPU.Build.0 = Debug|Any CPU
		{8EEB3B6D-0076-4B92-8747-08532B1BDFAC}.Release|Any CPU.ActiveCfg = Release|Any CPU
		{8EEB3B6D-0076-4B92-8747-08532B1BDFAC}.Release|Any CPU.Build.0 = Release|Any CPU
		{3F041821-324B-4849-9F39-21CA0A401F59}.Debug|Any CPU.ActiveCfg = Debug|Any CPU
		{3F041821-324B-4849-9F39-21CA0A401F59}.Debug|Any CPU.Build.0 = Debug|Any CPU
		{3F041821-324B-4849-9F39-21CA0A401F59}.Release|Any CPU.ActiveCfg = Release|Any CPU
		{3F041821-324B-4849-9F39-21CA0A401F59}.Release|Any CPU.Build.0 = Release|Any CPU
	EndGlobalSection
	GlobalSection(SolutionProperties) = preSolution
		HideSolutionNode = FALSE
	EndGlobalSection
	GlobalSection(ExtensibilityGlobals) = postSolution
		SolutionGuid = {478B142F-264E-4F19-9ACF-A9EE7DFAB1EE}
	EndGlobalSection
EndGlobal
